
Microsoft Visual Studio Solution File, Format Version 12.00
# Visual Studio Version 16
VisualStudioVersion = 16.0.33423.256
MinimumVisualStudioVersion = 10.0.40219.1
Project("{FAE04EC0-301F-11D3-BF4B-00C04F79EFBC}") = "Graf2_LeonardoLoza", "Graf2_LeonardoLoza.csproj", "{0A637EAA-6194-4492-8F0A-435E8403A0B0}"
EndProject
Global
	GlobalSection(SolutionConfigurationPlatforms) = preSolution
		Debug|Any CPU = Debug|Any CPU
		Release|Any CPU = Release|Any CPU
	EndGlobalSection
	GlobalSection(ProjectConfigurationPlatforms) = postSolution
		{0A637EAA-6194-4492-8F0A-435E8403A0B0}.Debug|Any CPU.ActiveCfg = Debug|Any CPU
		{0A637EAA-6194-4492-8F0A-435E8403A0B0}.Debug|Any CPU.Build.0 = Debug|Any CPU
		{0A637EAA-6194-4492-8F0A-435E8403A0B0}.Release|Any CPU.ActiveCfg = Release|Any CPU
		{0A637EAA-6194-4492-8F0A-435E8403A0B0}.Release|Any CPU.Build.0 = Release|Any CPU
	EndGlobalSection
	GlobalSection(SolutionProperties) = preSolution
		HideSolutionNode = FALSE
	EndGlobalSection
	GlobalSection(ExtensibilityGlobals) = postSolution
		SolutionGuid = {526564F9-1394-4D7E-AD8E-2FCE9F45EC67}
	EndGlobalSection
EndGlobal
